
Microsoft Visual Studio Solution File, Format Version 12.00
# Visual Studio Version 17
VisualStudioVersion = 17.8.34525.116
MinimumVisualStudioVersion = 10.0.40219.1
Project("{FAE04EC0-301F-11D3-BF4B-00C04F79EFBC}") = "ExcelProcessor", "ExcelProcessor.csproj", "{D5D939AD-9ED2-433A-B1B3-412427083FF0}"
EndProject
Global
	GlobalSection(SolutionConfigurationPlatforms) = preSolution
		Debug|Any CPU = Debug|Any CPU
		Release|Any CPU = Release|Any CPU
	EndGlobalSection
	GlobalSection(ProjectConfigurationPlatforms) = postSolution
		{D5D939AD-9ED2-433A-B1B3-412427083FF0}.Debug|Any CPU.ActiveCfg = Debug|Any CPU
		{D5D939AD-9ED2-433A-B1B3-412427083FF0}.Debug|Any CPU.Build.0 = Debug|Any CPU
		{D5D939AD-9ED2-433A-B1B3-412427083FF0}.Release|Any CPU.ActiveCfg = Release|Any CPU
		{D5D939AD-9ED2-433A-B1B3-412427083FF0}.Release|Any CPU.Build.0 = Release|Any CPU
	EndGlobalSection
	GlobalSection(SolutionProperties) = preSolution
		HideSolutionNode = FALSE
	EndGlobalSection
	GlobalSection(ExtensibilityGlobals) = postSolution
		SolutionGuid = {73D5C10A-D35D-45BF-98C0-AD8354F99884}
	EndGlobalSection
EndGlobal
